{
  "name": "cm-fen-editor",
  "version": "3.0.0",
  "lockfileVersion": 2,
  "requires": true,
  "packages": {
    "": {
      "name": "cm-fen-editor",
      "version": "3.0.0",
      "hasInstallScript": true,
      "license": "MIT",
      "dependencies": {
        "bind.mjs": "file:./deps/bind.mjs/Bind.js",
        "bootstrap": "file:./deps/bootstrap/bootstrap.bundle.js",
        "cm-chess": "file:./deps/cm-chess/Chess.js",
        "cm-chessboard": "file:./deps/cm-chessboard/Chessboard.js",
        "cm-web-modules": "file:./deps/cm-web-modules",
        "modlib": "^1.2.10",
        "popper.js": "^1.16.1"
      }
    },
    "deps/bind.mjs/Bind.js": {},
    "deps/bootstrap/bootstrap.bundle.js": {},
    "deps/cm-chess/Chess.js": {},
    "deps/cm-chessboard/Chessboard.js": {},
    "deps/cm-web-modules": {},
    "node_modules/bind.mjs": {
      "resolved": "deps/bind.mjs/Bind.js",
      "link": true
    },
    "node_modules/bootstrap": {
      "resolved": "deps/bootstrap/bootstrap.bundle.js",
      "link": true
    },
    "node_modules/cm-chess": {
      "resolved": "deps/cm-chess/Chess.js",
      "link": true
    },
    "node_modules/cm-chessboard": {
      "resolved": "deps/cm-chessboard/Chessboard.js",
      "link": true
    },
    "node_modules/cm-web-modules": {
      "resolved": "deps/cm-web-modules",
      "link": true
    },
    "node_modules/modlib": {
      "version": "1.2.10",
      "resolved": "https://registry.npmjs.org/modlib/-/modlib-1.2.10.tgz",
      "integrity": "sha512-aaT9AYNH9cEX3NhEmLAsaogOpYQVRqIYxnMS+9r+XN1MDxprCD+ToLSAWfNhcpuY0J69KU/Rz5N16ATJ2Z/TVA=="
    },
    "node_modules/popper.js": {
      "version": "1.16.1",
      "resolved": "https://registry.npmjs.org/popper.js/-/popper.js-1.16.1.tgz",
      "integrity": "sha512-Wb4p1J4zyFTbM+u6WuO4XstYx4Ky9Cewe4DWrel7B0w6VVICvPwdOpotjzcf6eD8TsckVnIMNONQyPIUFOUbCQ==",
      "deprecated": "You can find the new Popper v2 at @popperjs/core, this package is dedicated to the legacy v1",
      "funding": {
        "type": "opencollective",
        "url": "https://opencollective.com/popperjs"
      }
    }
  },
  "dependencies": {
    "bind.mjs": {
      "version": "file:deps/bind.mjs/Bind.js"
    },
    "bootstrap": {
      "version": "file:deps/bootstrap/bootstrap.bundle.js"
    },
    "cm-chess": {
      "version": "file:deps/cm-chess/Chess.js"
    },
    "cm-chessboard": {
      "version": "file:deps/cm-chessboard/Chessboard.js"
    },
    "cm-web-modules": {
      "version": "file:deps/cm-web-modules"
    },
    "modlib": {
      "version": "1.2.10",
      "resolved": "https://registry.npmjs.org/modlib/-/modlib-1.2.10.tgz",
      "integrity": "sha512-aaT9AYNH9cEX3NhEmLAsaogOpYQVRqIYxnMS+9r+XN1MDxprCD+ToLSAWfNhcpuY0J69KU/Rz5N16ATJ2Z/TVA=="
    },
    "popper.js": {
      "version": "1.16.1",
      "resolved": "https://registry.npmjs.org/popper.js/-/popper.js-1.16.1.tgz",
      "integrity": "sha512-Wb4p1J4zyFTbM+u6WuO4XstYx4Ky9Cewe4DWrel7B0w6VVICvPwdOpotjzcf6eD8TsckVnIMNONQyPIUFOUbCQ=="
    }
  }
}
